{
  "name": "ai-disaster-relief-assistant",
  "lockfileVersion": 3,
  "requires": true,
  "packages": {
    "": {
      "dependencies": {
        "@types/esri-leaflet": "^3.0.4",
        "esri-leaflet": "^3.0.19"
      }
    },
    "node_modules/@terraformer/arcgis": {
      "version": "2.2.2",
      "resolved": "https://registry.npmjs.org/@terraformer/arcgis/-/arcgis-2.2.2.tgz",
      "integrity": "sha512-Qcl7jhSdJU0HEBfQema6u6RY5zQYecx83CH1++7GXNPlFC42yRF9cxB17Kfi3Jr7ck/tgxhCo6IP3b0OA97f8w==",
      "license": "MIT",
      "dependencies": {
        "@terraformer/common": "^2.2.2"
      }
    },
    "node_modules/@terraformer/common": {
      "version": "2.2.2",
      "resolved": "https://registry.npmjs.org/@terraformer/common/-/common-2.2.2.tgz",
      "integrity": "sha512-W+O/hblr5g1RBzkehaEfF/EdCerkG7j6g2cGBawp2B2zHXdCdR7NrXc0Sh106SFFJyadQZ62On36S+8wHF4Kag==",
      "license": "MIT"
    },
    "node_modules/@types/esri-leaflet": {
      "version": "3.0.4",
      "resolved": "https://registry.npmjs.org/@types/esri-leaflet/-/esri-leaflet-3.0.4.tgz",
      "integrity": "sha512-jbnsz9yo55gLYje8V9D8Oj1NkU2hyXUVIYq2hgTMPR5U/y8GCSLI07y4W71+wqeGaE2eCH81mMifYJs/nXpHxw==",
      "license": "MIT",
      "dependencies": {
        "@types/leaflet": "^1.9"
      }
    },
    "node_modules/@types/geojson": {
      "version": "7946.0.16",
      "resolved": "https://registry.npmjs.org/@types/geojson/-/geojson-7946.0.16.tgz",
      "integrity": "sha512-6C8nqWur3j98U6+lXDfTUWIfgvZU+EumvpHKcYjujKH7woYyLj2sUmff0tRhrqM7BohUw7Pz3ZB1jj2gW9Fvmg==",
      "license": "MIT"
    },
    "node_modules/@types/leaflet": {
      "version": "1.9.22",
      "resolved": "https://registry.npmjs.org/@types/leaflet/-/leaflet-1.9.22.tgz",
      "integrity": "sha512-h3lhECYEKDasG7LFHu+GiHqAvsgLuQvlJvVZzJDGONo3sEL+wUOqSFLnwkZlK0qVxnxbuGFW8iBlJNYs5wgndA==",
      "license": "MIT",
      "dependencies": {
        "@types/geojson": "*"
      }
    },
    "node_modules/esri-leaflet": {
      "version": "3.0.19",
      "resolved": "https://registry.npmjs.org/esri-leaflet/-/esri-leaflet-3.0.19.tgz",
      "integrity": "sha512-GBMRuRV0zyzVSxdImwKnnTh3ptMvzeaGdnsL68BwPLebibEOsgquRKArwLNpuIz0E03SXccaJafiDLCGvp2PGQ==",
      "license": "Apache-2.0",
      "dependencies": {
        "@terraformer/arcgis": "^2.1.0",
        "tiny-binary-search": "^1.0.3"
      },
      "peerDependencies": {
        "leaflet": "^1.0.0"
      }
    },
    "node_modules/leaflet": {
      "version": "1.9.4",
      "resolved": "https://registry.npmjs.org/leaflet/-/leaflet-1.9.4.tgz",
      "integrity": "sha512-nxS1ynzJOmOlHp+iL3FyWqK89GtNL8U8rvlMOsQdTTssxZwCXh8N2NB3GDQOL+YR3XnWyZAxwQixURb+FA74PA==",
      "license": "BSD-2-Clause",
      "peer": true
    },
    "node_modules/tiny-binary-search": {
      "version": "1.0.3",
      "resolved": "https://registry.npmjs.org/tiny-binary-search/-/tiny-binary-search-1.0.3.tgz",
      "integrity": "sha512-STSHX/L5nI9WTLv6wrzJbAPbO7OIISX83KFBh2GVbX1Uz/vgZOU/ANn/8iV6t35yMTpoPzzO+3OQid3mifE0CA==",
      "license": "Apache-2.0"
    }
  }
}
